
Microsoft Visual Studio Solution File, Format Version 12.00
# Visual Studio Version 17
VisualStudioVersion = 17.11.35219.272
MinimumVisualStudioVersion = 10.0.40219.1
Project("{FAE04EC0-301F-11D3-BF4B-00C04F79EFBC}") = "WPF_Genomgång_10-03", "WPF_Genomgång_10-03\WPF_Genomgång_10-03.csproj", "{FE7133CE-ED6E-4FD7-9164-0948ECAC1D09}"
EndProject
Global
	GlobalSection(SolutionConfigurationPlatforms) = preSolution
		Debug|Any CPU = Debug|Any CPU
		Release|Any CPU = Release|Any CPU
	EndGlobalSection
	GlobalSection(ProjectConfigurationPlatforms) = postSolution
		{FE7133CE-ED6E-4FD7-9164-0948ECAC1D09}.Debug|Any CPU.ActiveCfg = Debug|Any CPU
		{FE7133CE-ED6E-4FD7-9164-0948ECAC1D09}.Debug|Any CPU.Build.0 = Debug|Any CPU
		{FE7133CE-ED6E-4FD7-9164-0948ECAC1D09}.Release|Any CPU.ActiveCfg = Release|Any CPU
		{FE7133CE-ED6E-4FD7-9164-0948ECAC1D09}.Release|Any CPU.Build.0 = Release|Any CPU
	EndGlobalSection
	GlobalSection(SolutionProperties) = preSolution
		HideSolutionNode = FALSE
	EndGlobalSection
	GlobalSection(ExtensibilityGlobals) = postSolution
		SolutionGuid = {22C392DB-194D-495C-9E22-1B6049BD19F8}
	EndGlobalSection
EndGlobal
